
Microsoft Visual Studio Solution File, Format Version 12.00
# Visual Studio 2012
Project("{FAE04EC0-301F-11D3-BF4B-00C04F79EFBC}") = "VineMedia.Facebook.Web", "VineMedia.Facebook.Web\VineMedia.Facebook.Web.csproj", "{0BF8E398-8C9A-4655-AB2F-34CD6B0B1B18}"
EndProject
Project("{FAE04EC0-301F-11D3-BF4B-00C04F79EFBC}") = "VineMedia.Facebook", "VineMedia.Facebook\VineMedia.Facebook.csproj", "{483C6BCF-CB14-45C8-8CC0-B820FF28D8D9}"
EndProject
Project("{2150E333-8FDC-42A3-9474-1A3956D46DE8}") = "Solution Items", "Solution Items", "{ECF1AD77-41BD-4427-B81A-412E3B431A3B}"
	ProjectSection(SolutionItems) = preProject
		nuget\FacebookAuth.1.0.0.nupkg = nuget\FacebookAuth.1.0.0.nupkg
		nuget\FacebookAuth.1.0.1.nupkg = nuget\FacebookAuth.1.0.1.nupkg
		README.md = README.md
	EndProjectSection
EndProject
Project("{2150E333-8FDC-42A3-9474-1A3956D46DE8}") = "nuget", "nuget", "{C498DFDE-B6A9-4597-9D7D-A82456503D89}"
	ProjectSection(SolutionItems) = preProject
		nuget\FacebookAuth.1.0.0.nupkg = nuget\FacebookAuth.1.0.0.nupkg
		nuget\FacebookAuth.1.0.1.nupkg = nuget\FacebookAuth.1.0.1.nupkg
	EndProjectSection
EndProject
Global
	GlobalSection(SolutionConfigurationPlatforms) = preSolution
		Debug|Any CPU = Debug|Any CPU
		Release|Any CPU = Release|Any CPU
	EndGlobalSection
	GlobalSection(ProjectConfigurationPlatforms) = postSolution
		{0BF8E398-8C9A-4655-AB2F-34CD6B0B1B18}.Debug|Any CPU.ActiveCfg = Debug|Any CPU
		{0BF8E398-8C9A-4655-AB2F-34CD6B0B1B18}.Debug|Any CPU.Build.0 = Debug|Any CPU
		{0BF8E398-8C9A-4655-AB2F-34CD6B0B1B18}.Release|Any CPU.ActiveCfg = Release|Any CPU
		{0BF8E398-8C9A-4655-AB2F-34CD6B0B1B18}.Release|Any CPU.Build.0 = Release|Any CPU
		{483C6BCF-CB14-45C8-8CC0-B820FF28D8D9}.Debug|Any CPU.ActiveCfg = Debug|Any CPU
		{483C6BCF-CB14-45C8-8CC0-B820FF28D8D9}.Debug|Any CPU.Build.0 = Debug|Any CPU
		{483C6BCF-CB14-45C8-8CC0-B820FF28D8D9}.Release|Any CPU.ActiveCfg = Release|Any CPU
		{483C6BCF-CB14-45C8-8CC0-B820FF28D8D9}.Release|Any CPU.Build.0 = Release|Any CPU
	EndGlobalSection
	GlobalSection(SolutionProperties) = preSolution
		HideSolutionNode = FALSE
	EndGlobalSection
EndGlobal
